
Microsoft Visual Studio Solution File, Format Version 12.00
# Visual Studio Version 16
VisualStudioVersion = 16.0.31321.278
MinimumVisualStudioVersion = 10.0.40219.1
Project("{FAE04EC0-301F-11D3-BF4B-00C04F79EFBC}") = "ProjetoBajaFinal", "ProjetoBajaFinal\ProjetoBajaFinal.csproj", "{6C11E5DB-252D-479D-A63B-D33415FF611B}"
EndProject
Global
	GlobalSection(SolutionConfigurationPlatforms) = preSolution
		Debug|Any CPU = Debug|Any CPU
		Release|Any CPU = Release|Any CPU
	EndGlobalSection
	GlobalSection(ProjectConfigurationPlatforms) = postSolution
		{6C11E5DB-252D-479D-A63B-D33415FF611B}.Debug|Any CPU.ActiveCfg = Debug|Any CPU
		{6C11E5DB-252D-479D-A63B-D33415FF611B}.Debug|Any CPU.Build.0 = Debug|Any CPU
		{6C11E5DB-252D-479D-A63B-D33415FF611B}.Release|Any CPU.ActiveCfg = Release|Any CPU
		{6C11E5DB-252D-479D-A63B-D33415FF611B}.Release|Any CPU.Build.0 = Release|Any CPU
	EndGlobalSection
	GlobalSection(SolutionProperties) = preSolution
		HideSolutionNode = FALSE
	EndGlobalSection
	GlobalSection(ExtensibilityGlobals) = postSolution
		SolutionGuid = {A0F75A66-B8E8-446C-809C-F2E168F6AC9B}
	EndGlobalSection
EndGlobal
